
Microsoft Visual Studio Solution File, Format Version 12.00
# Visual Studio 15
VisualStudioVersion = 15.0.27004.2009
MinimumVisualStudioVersion = 10.0.40219.1
Project("{8BC9CEB8-8B4A-11D0-8D11-00A0C91BC942}") = "DES", "DES\DES.vcxproj", "{B2CBC477-8053-4F92-BEC6-CA20B31716A0}"
EndProject
Global
	GlobalSection(SolutionConfigurationPlatforms) = preSolution
		Debug|x64 = Debug|x64
		Debug|x86 = Debug|x86
		Release|x64 = Release|x64
		Release|x86 = Release|x86
	EndGlobalSection
	GlobalSection(ProjectConfigurationPlatforms) = postSolution
		{B2CBC477-8053-4F92-BEC6-CA20B31716A0}.Debug|x64.ActiveCfg = Debug|x64
		{B2CBC477-8053-4F92-BEC6-CA20B31716A0}.Debug|x64.Build.0 = Debug|x64
		{B2CBC477-8053-4F92-BEC6-CA20B31716A0}.Debug|x86.ActiveCfg = Debug|Win32
		{B2CBC477-8053-4F92-BEC6-CA20B31716A0}.Debug|x86.Build.0 = Debug|Win32
		{B2CBC477-8053-4F92-BEC6-CA20B31716A0}.Release|x64.ActiveCfg = Release|x64
		{B2CBC477-8053-4F92-BEC6-CA20B31716A0}.Release|x64.Build.0 = Release|x64
		{B2CBC477-8053-4F92-BEC6-CA20B31716A0}.Release|x86.ActiveCfg = Release|Win32
		{B2CBC477-8053-4F92-BEC6-CA20B31716A0}.Release|x86.Build.0 = Release|Win32
	EndGlobalSection
	GlobalSection(SolutionProperties) = preSolution
		HideSolutionNode = FALSE
	EndGlobalSection
	GlobalSection(ExtensibilityGlobals) = postSolution
		SolutionGuid = {FE8C8914-0143-4552-8BFF-A99C840F86F9}
	EndGlobalSection
EndGlobal
